{
  "name": "pirate-panic-server",
  "version": "1.1.0",
  "lockfileVersion": 1,
  "requires": true,
  "dependencies": {
    "nakama-runtime": {
      "version": "git+ssh://git@github.com/heroiclabs/nakama-common.git#24296ee1aa72d179c7ac84748e6c09f436674256",
      "from": "nakama-runtime@github:heroiclabs/nakama-common"
    },
    "typescript": {
      "version": "4.2.4",
      "resolved": "https://registry.npmjs.org/typescript/-/typescript-4.2.4.tgz",
      "integrity": "sha512-V+evlYHZnQkaz8TRBuxTA92yZBPotr5H+WhQ7bD3hZUndx5tGOa1fuCgeSjxAzM1RiN5IzvadIXTVefuuwZCRg==",
      "dev": true
    }
  }
}
